<?xml version="1.0" encoding="utf-8"?>
<Project ToolsVersion="4.0" xmlns="http://schemas.microsoft.com/developer/msbuild/2003">
  <ItemGroup>
    <Filter Include="Source Files">
      <UniqueIdentifier>{4FC737F1-C7A5-4376-A066-2A32D752A2FF}</UniqueIdentifier>
      <Extensions>cpp;c;cc;cxx;def;odl;idl;hpj;bat;asm;asmx</Extensions>
    </Filter>
    <Filter Include="Header Files">
      <UniqueIdentifier>{93995380-89BD-4b04-88EB-625FBE52EBFB}</UniqueIdentifier>
      <Extensions>h;hh;hpp;hxx;hm;inl;inc;xsd</Extensions>
    </Filter>
    <Filter Include="Resource Files">
      <UniqueIdentifier>{67DA6AB6-F800-4c08-8B7A-83BB121AAD01}</UniqueIdentifier>
      <Extensions>rc;ico;cur;bmp;dlg;rc2;rct;bin;rgs;gif;jpg;jpeg;jpe;resx;tiff;tif;png;wav;mfcribbon-ms</Extensions>
    </Filter>
  </ItemGroup>
  <ItemGroup>
    <Text Include="ReadMe.txt" />
  </ItemGroup>
  <ItemGroup>
    <ClInclude Include="stdafx.h">
      <Filter>Header Files</Filter>
    </ClInclude>
    <ClInclude Include="targetver.h">
      <Filter>Header Files</Filter>
    </ClInclude>
    <ClInclude Include="raaPrinter.h">
      <Filter>Header Files</Filter>
    </ClInclude>
    <ClInclude Include="raaFinder.h">
      <Filter>Header Files</Filter>
    </ClInclude>
    <ClInclude Include="raaRoadSet.h">
      <Filter>Header Files</Filter>
    </ClInclude>
    <ClInclude Include="raaTile.h">
      <Filter>Header Files</Filter>
    </ClInclude>
    <ClInclude Include="raaTileStraight.h">
      <Filter>Header Files</Filter>
    </ClInclude>
    <ClInclude Include="raaTileTJunction.h">
      <Filter>Header Files</Filter>
    </ClInclude>
    <ClInclude Include="raaTileCurve.h">
      <Filter>Header Files</Filter>
    </ClInclude>
    <ClInclude Include="raaTileXJunction.h">
      <Filter>Header Files</Filter>
    </ClInclude>
    <ClInclude Include="raaAnimationPoints.h">
      <Filter>Header Files</Filter>
    </ClInclude>
    <ClInclude Include="raaAnimationPathBuilder.h">
      <Filter>Header Files</Filter>
    </ClInclude>
    <ClInclude Include="raaTrafficLightUnit.h">
      <Filter>Header Files</Filter>
    </ClInclude>
    <ClInclude Include="raaJunctionController.h">
      <Filter>Header Files</Filter>
    </ClInclude>
    <ClInclude Include="raaInputController.h">
      <Filter>Header Files</Filter>
    </ClInclude>
    <ClInclude Include="raaAnimatedComponent.h">
      <Filter>Header Files</Filter>
    </ClInclude>
    <ClInclude Include="rpcDetectionBox.h">
      <Filter>Header Files</Filter>
    </ClInclude>
    <ClInclude Include="rpcCollidables.h">
      <Filter>Header Files</Filter>
    </ClInclude>
    <ClInclude Include="rpcTrafficLightFunctor.h">
      <Filter>Header Files</Filter>
    </ClInclude>
    <ClInclude Include="rpcVehicleFunctor.h">
      <Filter>Header Files</Filter>
    </ClInclude>
    <ClInclude Include="rpcDetectable.h">
      <Filter>Header Files</Filter>
    </ClInclude>
    <ClInclude Include="rpcPathSelector.h">
      <Filter>Header Files</Filter>
    </ClInclude>
    <ClInclude Include="rpcContextAwareAnimationPath.h">
      <Filter>Header Files</Filter>
    </ClInclude>
    <ClInclude Include="rpcCarVeryon.h">
      <Filter>Header Files</Filter>
    </ClInclude>
    <ClInclude Include="rpcCarDelta.h">
      <Filter>Header Files</Filter>
    </ClInclude>
  </ItemGroup>
  <ItemGroup>
    <ClCompile Include="stdafx.cpp">
      <Filter>Source Files</Filter>
    </ClCompile>
    <ClCompile Include="bscCGOSG-Template.cpp">
      <Filter>Source Files</Filter>
    </ClCompile>
    <ClCompile Include="raaPrinter.cpp">
      <Filter>Source Files</Filter>
    </ClCompile>
    <ClCompile Include="raaFinder.cpp">
      <Filter>Source Files</Filter>
    </ClCompile>
    <ClCompile Include="raaRoadSet.cpp">
      <Filter>Source Files</Filter>
    </ClCompile>
    <ClCompile Include="raaTile.cpp">
      <Filter>Source Files</Filter>
    </ClCompile>
    <ClCompile Include="raaTileStraight.cpp">
      <Filter>Source Files</Filter>
    </ClCompile>
    <ClCompile Include="raaTileTJunction.cpp">
      <Filter>Source Files</Filter>
    </ClCompile>
    <ClCompile Include="raaTileCurve.cpp">
      <Filter>Source Files</Filter>
    </ClCompile>
    <ClCompile Include="raaTileXJunction.cpp">
      <Filter>Source Files</Filter>
    </ClCompile>
    <ClCompile Include="raaAnimationPoints.cpp">
      <Filter>Source Files</Filter>
    </ClCompile>
    <ClCompile Include="raaAnimationPathBuilder.cpp">
      <Filter>Source Files</Filter>
    </ClCompile>
    <ClCompile Include="raaTrafficLightUnit.cpp">
      <Filter>Source Files</Filter>
    </ClCompile>
    <ClCompile Include="raaJunctionController.cpp">
      <Filter>Source Files</Filter>
    </ClCompile>
    <ClCompile Include="raaInputController.cpp">
      <Filter>Source Files</Filter>
    </ClCompile>
    <ClCompile Include="raaAnimatedComponent.cpp">
      <Filter>Source Files</Filter>
    </ClCompile>
    <ClCompile Include="rpcDetectionBox.cpp">
      <Filter>Source Files</Filter>
    </ClCompile>
    <ClCompile Include="rpcCollidables.cpp">
      <Filter>Source Files</Filter>
    </ClCompile>
    <ClCompile Include="rpcPathSelector.cpp">
      <Filter>Source Files</Filter>
    </ClCompile>
    <ClCompile Include="rpcContextAwareAnimationPath.cpp">
      <Filter>Source Files</Filter>
    </ClCompile>
    <ClCompile Include="rpcCarVeryon.cpp">
      <Filter>Source Files</Filter>
    </ClCompile>
    <ClCompile Include="rpcCarDelta.cpp">
      <Filter>Source Files</Filter>
    </ClCompile>
  </ItemGroup>
</Project>